
Microsoft Visual Studio Solution File, Format Version 12.00
# Visual Studio Version 17
VisualStudioVersion = 17.14.36429.23
MinimumVisualStudioVersion = 10.0.40219.1
Project("{FAE04EC0-301F-11D3-BF4B-00C04F79EFBC}") = "BusinessLogicLayer", "BusinessLogicLayer\BusinessLogicLayer.csproj", "{FA513C64-B07E-47F3-A9A3-18913964C9F1}"
EndProject
Project("{FAE04EC0-301F-11D3-BF4B-00C04F79EFBC}") = "DataAccessLayer", "DataAccessLayer\DataAccessLayer.csproj", "{148603F5-905F-47EB-9633-B5CAB441F281}"
EndProject
Project("{FAE04EC0-301F-11D3-BF4B-00C04F79EFBC}") = "Entities", "Entities\Entities.csproj", "{F68FEA9F-5A1F-4E67-B5C3-AAE6B0BE45FF}"
EndProject
Project("{FAE04EC0-301F-11D3-BF4B-00C04F79EFBC}") = "UserIntefarces", "UserIntefaces\UserIntefarces.csproj", "{3163D50D-0FEA-4B23-B14C-B3420BB69498}"
EndProject
Global
	GlobalSection(SolutionConfigurationPlatforms) = preSolution
		Debug|Any CPU = Debug|Any CPU
		Release|Any CPU = Release|Any CPU
	EndGlobalSection
	GlobalSection(ProjectConfigurationPlatforms) = postSolution
		{FA513C64-B07E-47F3-A9A3-18913964C9F1}.Debug|Any CPU.ActiveCfg = Debug|Any CPU
		{FA513C64-B07E-47F3-A9A3-18913964C9F1}.Debug|Any CPU.Build.0 = Debug|Any CPU
		{FA513C64-B07E-47F3-A9A3-18913964C9F1}.Release|Any CPU.ActiveCfg = Release|Any CPU
		{FA513C64-B07E-47F3-A9A3-18913964C9F1}.Release|Any CPU.Build.0 = Release|Any CPU
		{148603F5-905F-47EB-9633-B5CAB441F281}.Debug|Any CPU.ActiveCfg = Debug|Any CPU
		{148603F5-905F-47EB-9633-B5CAB441F281}.Debug|Any CPU.Build.0 = Debug|Any CPU
		{148603F5-905F-47EB-9633-B5CAB441F281}.Release|Any CPU.ActiveCfg = Release|Any CPU
		{148603F5-905F-47EB-9633-B5CAB441F281}.Release|Any CPU.Build.0 = Release|Any CPU
		{F68FEA9F-5A1F-4E67-B5C3-AAE6B0BE45FF}.Debug|Any CPU.ActiveCfg = Debug|Any CPU
		{F68FEA9F-5A1F-4E67-B5C3-AAE6B0BE45FF}.Debug|Any CPU.Build.0 = Debug|Any CPU
		{F68FEA9F-5A1F-4E67-B5C3-AAE6B0BE45FF}.Release|Any CPU.ActiveCfg = Release|Any CPU
		{F68FEA9F-5A1F-4E67-B5C3-AAE6B0BE45FF}.Release|Any CPU.Build.0 = Release|Any CPU
		{3163D50D-0FEA-4B23-B14C-B3420BB69498}.Debug|Any CPU.ActiveCfg = Debug|Any CPU
		{3163D50D-0FEA-4B23-B14C-B3420BB69498}.Debug|Any CPU.Build.0 = Debug|Any CPU
		{3163D50D-0FEA-4B23-B14C-B3420BB69498}.Release|Any CPU.ActiveCfg = Release|Any CPU
		{3163D50D-0FEA-4B23-B14C-B3420BB69498}.Release|Any CPU.Build.0 = Release|Any CPU
	EndGlobalSection
	GlobalSection(SolutionProperties) = preSolution
		HideSolutionNode = FALSE
	EndGlobalSection
	GlobalSection(ExtensibilityGlobals) = postSolution
		SolutionGuid = {70047FCD-1F02-49F6-8BD8-8F7BAE7DF2AD}
	EndGlobalSection
EndGlobal
